
Microsoft Visual Studio Solution File, Format Version 12.00
# Visual Studio Version 16
VisualStudioVersion = 16.0.30011.22
MinimumVisualStudioVersion = 10.0.40219.1
Project("{FAE04EC0-301F-11D3-BF4B-00C04F79EFBC}") = "SCschemaorg.feature.SCschemaorgBuilder", "..\src\feature\SCschemaorgBuilder\code\SCschemaorg.feature.SCschemaorgBuilder.csproj", "{82329ACE-DA55-4FFF-8581-D7422C44E899}"
EndProject
Project("{2150E333-8FDC-42A3-9474-1A3956D46DE8}") = "feature", "feature", "{C936330B-A506-4FDC-9C31-32AF7B8903EE}"
EndProject
Project("{2150E333-8FDC-42A3-9474-1A3956D46DE8}") = "SCschemaorgBuilder", "SCschemaorgBuilder", "{F8C302F0-509C-42AA-B546-0C04B8182FF3}"
EndProject
Global
	GlobalSection(SolutionConfigurationPlatforms) = preSolution
		Debug|Any CPU = Debug|Any CPU
		Release|Any CPU = Release|Any CPU
	EndGlobalSection
	GlobalSection(ProjectConfigurationPlatforms) = postSolution
		{82329ACE-DA55-4FFF-8581-D7422C44E899}.Debug|Any CPU.ActiveCfg = Debug|Any CPU
		{82329ACE-DA55-4FFF-8581-D7422C44E899}.Debug|Any CPU.Build.0 = Debug|Any CPU
		{82329ACE-DA55-4FFF-8581-D7422C44E899}.Release|Any CPU.ActiveCfg = Release|Any CPU
		{82329ACE-DA55-4FFF-8581-D7422C44E899}.Release|Any CPU.Build.0 = Release|Any CPU
	EndGlobalSection
	GlobalSection(SolutionProperties) = preSolution
		HideSolutionNode = FALSE
	EndGlobalSection
	GlobalSection(NestedProjects) = preSolution
		{82329ACE-DA55-4FFF-8581-D7422C44E899} = {F8C302F0-509C-42AA-B546-0C04B8182FF3}
		{F8C302F0-509C-42AA-B546-0C04B8182FF3} = {C936330B-A506-4FDC-9C31-32AF7B8903EE}
	EndGlobalSection
	GlobalSection(ExtensibilityGlobals) = postSolution
		EnterpriseLibraryConfigurationToolBinariesPathV6 = packages\EnterpriseLibrary.Common.6.0.1304.0\lib\NET45;packages\EnterpriseLibrary.TransientFaultHandling.6.0.1304.0\lib\portable-net45+win+wp8;packages\EnterpriseLibrary.TransientFaultHandling.Caching.6.0.1304.0\lib\NET45;packages\EnterpriseLibrary.TransientFaultHandling.Data.6.0.1304.1\lib\NET45;packages\EnterpriseLibrary.TransientFaultHandling.ServiceBus.6.0.1304.0\lib\NET45;packages\EnterpriseLibrary.TransientFaultHandling.WindowsAzure.Storage.6.0.1304.0\lib\NET45;packages\EnterpriseLibrary.TransientFaultHandling.Configuration.6.0.1304.0\lib\NET45
		SolutionGuid = {33ED8C6A-EE19-49E7-B9A4-9468D7BCBE20}
	EndGlobalSection
EndGlobal
